
Microsoft Visual Studio Solution File, Format Version 12.00
# Visual Studio 15
VisualStudioVersion = 15.0.28010.2016
MinimumVisualStudioVersion = 10.0.40219.1
Project("{FAE04EC0-301F-11D3-BF4B-00C04F79EFBC}") = "RiotApiApp", "RiotApiApp\RiotApiApp.csproj", "{6C0A62AE-0F0B-42CA-A74B-B1ACB7E4F6A5}"
EndProject
Project("{9A19103F-16F7-4668-BE54-9A1E7A4F7556}") = "RiotNet", "RiotNet\RiotNet.csproj", "{3C1D5A4B-9C26-4187-A271-4B26D7043904}"
EndProject
Global
	GlobalSection(SolutionConfigurationPlatforms) = preSolution
		Debug|Any CPU = Debug|Any CPU
		Release|Any CPU = Release|Any CPU
		ReleaseCoreOnly|Any CPU = ReleaseCoreOnly|Any CPU
	EndGlobalSection
	GlobalSection(ProjectConfigurationPlatforms) = postSolution
		{6C0A62AE-0F0B-42CA-A74B-B1ACB7E4F6A5}.Debug|Any CPU.ActiveCfg = Debug|Any CPU
		{6C0A62AE-0F0B-42CA-A74B-B1ACB7E4F6A5}.Debug|Any CPU.Build.0 = Debug|Any CPU
		{6C0A62AE-0F0B-42CA-A74B-B1ACB7E4F6A5}.Release|Any CPU.ActiveCfg = Release|Any CPU
		{6C0A62AE-0F0B-42CA-A74B-B1ACB7E4F6A5}.Release|Any CPU.Build.0 = Release|Any CPU
		{6C0A62AE-0F0B-42CA-A74B-B1ACB7E4F6A5}.ReleaseCoreOnly|Any CPU.ActiveCfg = Release|Any CPU
		{6C0A62AE-0F0B-42CA-A74B-B1ACB7E4F6A5}.ReleaseCoreOnly|Any CPU.Build.0 = Release|Any CPU
		{3C1D5A4B-9C26-4187-A271-4B26D7043904}.Debug|Any CPU.ActiveCfg = Debug|Any CPU
		{3C1D5A4B-9C26-4187-A271-4B26D7043904}.Debug|Any CPU.Build.0 = Debug|Any CPU
		{3C1D5A4B-9C26-4187-A271-4B26D7043904}.Release|Any CPU.ActiveCfg = Release|Any CPU
		{3C1D5A4B-9C26-4187-A271-4B26D7043904}.Release|Any CPU.Build.0 = Release|Any CPU
		{3C1D5A4B-9C26-4187-A271-4B26D7043904}.ReleaseCoreOnly|Any CPU.ActiveCfg = ReleaseCoreOnly|Any CPU
		{3C1D5A4B-9C26-4187-A271-4B26D7043904}.ReleaseCoreOnly|Any CPU.Build.0 = ReleaseCoreOnly|Any CPU
	EndGlobalSection
	GlobalSection(SolutionProperties) = preSolution
		HideSolutionNode = FALSE
	EndGlobalSection
	GlobalSection(ExtensibilityGlobals) = postSolution
		SolutionGuid = {6216E658-E428-47D2-860E-B1529CA94EA4}
	EndGlobalSection
EndGlobal
